<?xml version="1.0" encoding="utf-8"?>
<Project ToolsVersion="4.0" xmlns="http://schemas.microsoft.com/developer/msbuild/2003">
  <ItemGroup>
    <ClCompile Include="source\camera.cpp" />
    <ClCompile Include="source\gamemain.cpp" />
    <ClCompile Include="source\gamepad.cpp" />
    <ClCompile Include="source\scene.cpp" />
    <ClCompile Include="source\winmain.cpp" />
    <ClCompile Include="source\FileManager.cpp">
      <Filter>File</Filter>
    </ClCompile>
    <ClCompile Include="source\CSVReader.cpp">
      <Filter>File</Filter>
    </ClCompile>
    <ClCompile Include="source\JSONManager.cpp">
      <Filter>File</Filter>
    </ClCompile>
    <ClCompile Include="source\ResourceManager.cpp">
      <Filter>File</Filter>
    </ClCompile>
    <ClCompile Include="source\Texture.cpp">
      <Filter>File</Filter>
    </ClCompile>
    <ClCompile Include="source\TextureManager.cpp">
      <Filter>File</Filter>
    </ClCompile>
    <ClCompile Include="source\Sprite.cpp">
      <Filter>File</Filter>
    </ClCompile>
    <ClCompile Include="source\Animation.cpp">
      <Filter>File</Filter>
    </ClCompile>
    <ClCompile Include="source\FpsControll.cpp" />
    <ClCompile Include="source\Time.cpp" />
    <ClCompile Include="source\InputManager.cpp" />
    <ClCompile Include="source\SceneManager.cpp" />
    <ClCompile Include="source\SceneTitle.cpp">
      <Filter>GaneFlow</Filter>
    </ClCompile>
    <ClCompile Include="source\Vector2D.cpp">
      <Filter>Math</Filter>
    </ClCompile>
    <ClCompile Include="source\mydraw.cpp" />
    <ClCompile Include="source\mymath.cpp">
      <Filter>Math</Filter>
    </ClCompile>
    <ClCompile Include="source\Collider.cpp">
      <Filter>Math</Filter>
    </ClCompile>
    <ClCompile Include="source\GameObject.cpp">
      <Filter>GameObject</Filter>
    </ClCompile>
    <ClCompile Include="source\PlayerParam.cpp">
      <Filter>Data</Filter>
    </ClCompile>
    <ClCompile Include="source\Player.cpp">
      <Filter>GameObject</Filter>
    </ClCompile>
  </ItemGroup>
  <ItemGroup>
    <ClInclude Include="source\camera.h" />
    <ClInclude Include="source\gamemain.h" />
    <ClInclude Include="source\gamepad.h" />
    <ClInclude Include="source\scene.h" />
    <ClInclude Include="source\winmain.h" />
    <ClInclude Include="source\FileManager.h">
      <Filter>File</Filter>
    </ClInclude>
    <ClInclude Include="source\CSVReader.h">
      <Filter>File</Filter>
    </ClInclude>
    <ClInclude Include="source\JSONManager.h">
      <Filter>File</Filter>
    </ClInclude>
    <ClInclude Include="source\ResourceManager.h">
      <Filter>File</Filter>
    </ClInclude>
    <ClInclude Include="source\Texture.h">
      <Filter>File</Filter>
    </ClInclude>
    <ClInclude Include="source\TextureManager.h">
      <Filter>File</Filter>
    </ClInclude>
    <ClInclude Include="source\Sprite.h">
      <Filter>File</Filter>
    </ClInclude>
    <ClInclude Include="source\Animation.h">
      <Filter>File</Filter>
    </ClInclude>
    <ClInclude Include="source\FpsControll.h" />
    <ClInclude Include="source\Time.h" />
    <ClInclude Include="source\InputManager.h" />
    <ClInclude Include="source\SceneManager.h" />
    <ClInclude Include="source\SceneTitle.h">
      <Filter>GaneFlow</Filter>
    </ClInclude>
    <ClInclude Include="source\mydraw.h" />
    <ClInclude Include="source\Vector2D.h">
      <Filter>Math</Filter>
    </ClInclude>
    <ClInclude Include="source\mymath.h">
      <Filter>Math</Filter>
    </ClInclude>
    <ClInclude Include="source\Collider.h">
      <Filter>Math</Filter>
    </ClInclude>
    <ClInclude Include="source\GameObject.h">
      <Filter>GameObject</Filter>
    </ClInclude>
    <ClInclude Include="source\PlayerParam.h">
      <Filter>Data</Filter>
    </ClInclude>
    <ClInclude Include="source\Player.h">
      <Filter>GameObject</Filter>
    </ClInclude>
  </ItemGroup>
  <ItemGroup>
    <Filter Include="File">
      <UniqueIdentifier>{2ed95cd1-44e3-49dc-b59b-434352d3dac5}</UniqueIdentifier>
    </Filter>
    <Filter Include="GaneFlow">
      <UniqueIdentifier>{2c5045e8-5888-4aa3-a15f-44bd87f14c3b}</UniqueIdentifier>
    </Filter>
    <Filter Include="Math">
      <UniqueIdentifier>{266fd5a2-fd2a-48af-91cf-d54eb6b6e0c1}</UniqueIdentifier>
    </Filter>
    <Filter Include="GameObject">
      <UniqueIdentifier>{a67c93ee-7305-4d2d-80d4-ad889f471d7f}</UniqueIdentifier>
    </Filter>
    <Filter Include="Data">
      <UniqueIdentifier>{10a221ea-4ea8-4fbd-b613-8a8858d688be}</UniqueIdentifier>
    </Filter>
  </ItemGroup>
</Project>